// !$*UTF8*$!
{
	archiveVersion = 1;
	classes = {
	};
	objectVersion = 55;
	objects = {

/* Begin PBXBuildFile section */
		781679DC277CE25A00167B4B /* BusinessTitle.swift in Sources */ = {isa = PBXBuildFile; fileRef = 781679DB277CE25A00167B4B /* BusinessTitle.swift */; };
		781679DE277CE7DA00167B4B /* DIrectionsMap.swift in Sources */ = {isa = PBXBuildFile; fileRef = 781679DD277CE7DA00167B4B /* DIrectionsMap.swift */; };
		781DCCDD27670D0900779D42 /* HomeView.swift in Sources */ = {isa = PBXBuildFile; fileRef = 781DCCDC27670D0900779D42 /* HomeView.swift */; };
		781DCCE32767132100779D42 /* BusinessList.swift in Sources */ = {isa = PBXBuildFile; fileRef = 781DCCE22767132100779D42 /* BusinessList.swift */; };
		781DCCE5276715E400779D42 /* BusinessSectionHeader.swift in Sources */ = {isa = PBXBuildFile; fileRef = 781DCCE4276715E400779D42 /* BusinessSectionHeader.swift */; };
		781DCCE72767219600779D42 /* BusinessSection.swift in Sources */ = {isa = PBXBuildFile; fileRef = 781DCCE62767219600779D42 /* BusinessSection.swift */; };
		781DCCE9276728B700779D42 /* BusinessRow.swift in Sources */ = {isa = PBXBuildFile; fileRef = 781DCCE8276728B700779D42 /* BusinessRow.swift */; };
		781DCCEC276739A600779D42 /* BusinessDetail.swift in Sources */ = {isa = PBXBuildFile; fileRef = 781DCCEB276739A600779D42 /* BusinessDetail.swift */; };
		787EBAB52765E21700222144 /* Business.swift in Sources */ = {isa = PBXBuildFile; fileRef = 787EBAB42765E21700222144 /* Business.swift */; };
		787EBAB72765E42200222144 /* BusinessSearch.swift in Sources */ = {isa = PBXBuildFile; fileRef = 787EBAB62765E42200222144 /* BusinessSearch.swift */; };
		787EBABB2765E7A900222144 /* Constants.swift in Sources */ = {isa = PBXBuildFile; fileRef = 787EBABA2765E7A900222144 /* Constants.swift */; };
		78C61B84277B7BA7004BBB1C /* DirectionsView.swift in Sources */ = {isa = PBXBuildFile; fileRef = 78C61B83277B7BA7004BBB1C /* DirectionsView.swift */; };
		78E974CD27842F080022A0DC /* OnboardingView.swift in Sources */ = {isa = PBXBuildFile; fileRef = 78E974CC27842F080022A0DC /* OnboardingView.swift */; };
		78E974CF278441C50022A0DC /* LocationDeniedView.swift in Sources */ = {isa = PBXBuildFile; fileRef = 78E974CE278441C50022A0DC /* LocationDeniedView.swift */; };
		78F68B272768086100AD5AAD /* BusinessMap.swift in Sources */ = {isa = PBXBuildFile; fileRef = 78F68B262768086100AD5AAD /* BusinessMap.swift */; };
		78FF9A5D2763331B00916AEC /* m6_city_sights_app.swift in Sources */ = {isa = PBXBuildFile; fileRef = 78FF9A5C2763331B00916AEC /* m6_city_sights_app.swift */; };
		78FF9A5F2763331B00916AEC /* LaunchView.swift in Sources */ = {isa = PBXBuildFile; fileRef = 78FF9A5E2763331B00916AEC /* LaunchView.swift */; };
		78FF9A612763331D00916AEC /* Assets.xcassets in Resources */ = {isa = PBXBuildFile; fileRef = 78FF9A602763331D00916AEC /* Assets.xcassets */; };
		78FF9A642763331D00916AEC /* Preview Assets.xcassets in Resources */ = {isa = PBXBuildFile; fileRef = 78FF9A632763331D00916AEC /* Preview Assets.xcassets */; };
		78FF9A6E2763376800916AEC /* ContentModel.swift in Sources */ = {isa = PBXBuildFile; fileRef = 78FF9A6D2763376800916AEC /* ContentModel.swift */; };
/* End PBXBuildFile section */

/* Begin PBXFileReference section */
		781679DB277CE25A00167B4B /* BusinessTitle.swift */ = {isa = PBXFileReference; lastKnownFileType = sourcecode.swift; path = BusinessTitle.swift; sourceTree = "<group>"; };
		781679DD277CE7DA00167B4B /* DIrectionsMap.swift */ = {isa = PBXFileReference; lastKnownFileType = sourcecode.swift; path = DIrectionsMap.swift; sourceTree = "<group>"; };
		781DCCDC27670D0900779D42 /* HomeView.swift */ = {isa = PBXFileReference; lastKnownFileType = sourcecode.swift; path = HomeView.swift; sourceTree = "<group>"; };
		781DCCE22767132100779D42 /* BusinessList.swift */ = {isa = PBXFileReference; lastKnownFileType = sourcecode.swift; path = BusinessList.swift; sourceTree = "<group>"; };
		781DCCE4276715E400779D42 /* BusinessSectionHeader.swift */ = {isa = PBXFileReference; lastKnownFileType = sourcecode.swift; path = BusinessSectionHeader.swift; sourceTree = "<group>"; };
		781DCCE62767219600779D42 /* BusinessSection.swift */ = {isa = PBXFileReference; lastKnownFileType = sourcecode.swift; path = BusinessSection.swift; sourceTree = "<group>"; };
		781DCCE8276728B700779D42 /* BusinessRow.swift */ = {isa = PBXFileReference; lastKnownFileType = sourcecode.swift; path = BusinessRow.swift; sourceTree = "<group>"; };
		781DCCEB276739A600779D42 /* BusinessDetail.swift */ = {isa = PBXFileReference; lastKnownFileType = sourcecode.swift; path = BusinessDetail.swift; sourceTree = "<group>"; };
		787EBAB42765E21700222144 /* Business.swift */ = {isa = PBXFileReference; lastKnownFileType = sourcecode.swift; path = Business.swift; sourceTree = "<group>"; };
		787EBAB62765E42200222144 /* BusinessSearch.swift */ = {isa = PBXFileReference; lastKnownFileType = sourcecode.swift; path = BusinessSearch.swift; sourceTree = "<group>"; };
		787EBABA2765E7A900222144 /* Constants.swift */ = {isa = PBXFileReference; lastKnownFileType = sourcecode.swift; path = Constants.swift; sourceTree = "<group>"; };
		78C61B83277B7BA7004BBB1C /* DirectionsView.swift */ = {isa = PBXFileReference; lastKnownFileType = sourcecode.swift; path = DirectionsView.swift; sourceTree = "<group>"; };
		78E974CC27842F080022A0DC /* OnboardingView.swift */ = {isa = PBXFileReference; lastKnownFileType = sourcecode.swift; path = OnboardingView.swift; sourceTree = "<group>"; };
		78E974CE278441C50022A0DC /* LocationDeniedView.swift */ = {isa = PBXFileReference; lastKnownFileType = sourcecode.swift; path = LocationDeniedView.swift; sourceTree = "<group>"; };
		78F68B262768086100AD5AAD /* BusinessMap.swift */ = {isa = PBXFileReference; lastKnownFileType = sourcecode.swift; path = BusinessMap.swift; sourceTree = "<group>"; };
		78FF9A592763331B00916AEC /* m6-city-sights-app.app */ = {isa = PBXFileReference; explicitFileType = wrapper.application; includeInIndex = 0; path = "m6-city-sights-app.app"; sourceTree = BUILT_PRODUCTS_DIR; };
		78FF9A5C2763331B00916AEC /* m6_city_sights_app.swift */ = {isa = PBXFileReference; lastKnownFileType = sourcecode.swift; path = m6_city_sights_app.swift; sourceTree = "<group>"; };
		78FF9A5E2763331B00916AEC /* LaunchView.swift */ = {isa = PBXFileReference; lastKnownFileType = sourcecode.swift; path = LaunchView.swift; sourceTree = "<group>"; };
		78FF9A602763331D00916AEC /* Assets.xcassets */ = {isa = PBXFileReference; lastKnownFileType = folder.assetcatalog; path = Assets.xcassets; sourceTree = "<group>"; };
		78FF9A632763331D00916AEC /* Preview Assets.xcassets */ = {isa = PBXFileReference; lastKnownFileType = folder.assetcatalog; path = "Preview Assets.xcassets"; sourceTree = "<group>"; };
		78FF9A6D2763376800916AEC /* ContentModel.swift */ = {isa = PBXFileReference; lastKnownFileType = sourcecode.swift; path = ContentModel.swift; sourceTree = "<group>"; };
		78FF9A6F27633B9F00916AEC /* Info.plist */ = {isa = PBXFileReference; lastKnownFileType = text.plist; path = Info.plist; sourceTree = "<group>"; };
/* End PBXFileReference section */

/* Begin PBXFrameworksBuildPhase section */
		78FF9A562763331B00916AEC /* Frameworks */ = {
			isa = PBXFrameworksBuildPhase;
			buildActionMask = 2147483647;
			files = (
			);
			runOnlyForDeploymentPostprocessing = 0;
		};
/* End PBXFrameworksBuildPhase section */

/* Begin PBXGroup section */
		781DCCDE276712E400779D42 /* List */ = {
			isa = PBXGroup;
			children = (
				781DCCE22767132100779D42 /* BusinessList.swift */,
				781DCCE4276715E400779D42 /* BusinessSectionHeader.swift */,
				781DCCE62767219600779D42 /* BusinessSection.swift */,
				781DCCE8276728B700779D42 /* BusinessRow.swift */,
			);
			path = List;
			sourceTree = "<group>";
		};
		781DCCEA2767399400779D42 /* Detail */ = {
			isa = PBXGroup;
			children = (
				781DCCEB276739A600779D42 /* BusinessDetail.swift */,
				78C61B83277B7BA7004BBB1C /* DirectionsView.swift */,
				781679DB277CE25A00167B4B /* BusinessTitle.swift */,
			);
			path = Detail;
			sourceTree = "<group>";
		};
		787EBAB82765E73800222144 /* Helpers */ = {
			isa = PBXGroup;
			children = (
				787EBABA2765E7A900222144 /* Constants.swift */,
			);
			path = Helpers;
			sourceTree = "<group>";
		};
		787EBABC2765F4DF00222144 /* Onboarding */ = {
			isa = PBXGroup;
			children = (
				78E974CC27842F080022A0DC /* OnboardingView.swift */,
			);
			path = Onboarding;
			sourceTree = "<group>";
		};
		787EBABD2765F4ED00222144 /* Home */ = {
			isa = PBXGroup;
			children = (
				78F68B252768085000AD5AAD /* Map */,
				781DCCDC27670D0900779D42 /* HomeView.swift */,
				781DCCEA2767399400779D42 /* Detail */,
				781DCCDE276712E400779D42 /* List */,
			);
			path = Home;
			sourceTree = "<group>";
		};
		787EBABE2765F4FE00222144 /* Denied */ = {
			isa = PBXGroup;
			children = (
				78E974CE278441C50022A0DC /* LocationDeniedView.swift */,
			);
			path = Denied;
			sourceTree = "<group>";
		};
		78F68B252768085000AD5AAD /* Map */ = {
			isa = PBXGroup;
			children = (
				78F68B262768086100AD5AAD /* BusinessMap.swift */,
				781679DD277CE7DA00167B4B /* DIrectionsMap.swift */,
			);
			path = Map;
			sourceTree = "<group>";
		};
		78FF9A502763331B00916AEC = {
			isa = PBXGroup;
			children = (
				78FF9A5B2763331B00916AEC /* m6-city-sights-app */,
				78FF9A5A2763331B00916AEC /* Products */,
			);
			sourceTree = "<group>";
		};
		78FF9A5A2763331B00916AEC /* Products */ = {
			isa = PBXGroup;
			children = (
				78FF9A592763331B00916AEC /* m6-city-sights-app.app */,
			);
			name = Products;
			sourceTree = "<group>";
		};
		78FF9A5B2763331B00916AEC /* m6-city-sights-app */ = {
			isa = PBXGroup;
			children = (
				78FF9A6F27633B9F00916AEC /* Info.plist */,
				78FF9A5C2763331B00916AEC /* m6_city_sights_app.swift */,
				78FF9A6B2763346B00916AEC /* Views */,
				78FF9A6C2763347200916AEC /* ViewModels */,
				78FF9A6A2763346500916AEC /* Models */,
				787EBAB82765E73800222144 /* Helpers */,
				78FF9A602763331D00916AEC /* Assets.xcassets */,
				78FF9A622763331D00916AEC /* Preview Content */,
			);
			path = "m6-city-sights-app";
			sourceTree = "<group>";
		};
		78FF9A622763331D00916AEC /* Preview Content */ = {
			isa = PBXGroup;
			children = (
				78FF9A632763331D00916AEC /* Preview Assets.xcassets */,
			);
			path = "Preview Content";
			sourceTree = "<group>";
		};
		78FF9A6A2763346500916AEC /* Models */ = {
			isa = PBXGroup;
			children = (
				787EBAB42765E21700222144 /* Business.swift */,
				787EBAB62765E42200222144 /* BusinessSearch.swift */,
			);
			path = Models;
			sourceTree = "<group>";
		};
		78FF9A6B2763346B00916AEC /* Views */ = {
			isa = PBXGroup;
			children = (
				78FF9A5E2763331B00916AEC /* LaunchView.swift */,
				787EBABD2765F4ED00222144 /* Home */,
				787EBABE2765F4FE00222144 /* Denied */,
				787EBABC2765F4DF00222144 /* Onboarding */,
			);
			path = Views;
			sourceTree = "<group>";
		};
		78FF9A6C2763347200916AEC /* ViewModels */ = {
			isa = PBXGroup;
			children = (
				78FF9A6D2763376800916AEC /* ContentModel.swift */,
			);
			path = ViewModels;
			sourceTree = "<group>";
		};
/* End PBXGroup section */

/* Begin PBXNativeTarget section */
		78FF9A582763331B00916AEC /* m6-city-sights-app */ = {
			isa = PBXNativeTarget;
			buildConfigurationList = 78FF9A672763331D00916AEC /* Build configuration list for PBXNativeTarget "m6-city-sights-app" */;
			buildPhases = (
				78FF9A552763331B00916AEC /* Sources */,
				78FF9A562763331B00916AEC /* Frameworks */,
				78FF9A572763331B00916AEC /* Resources */,
			);
			buildRules = (
			);
			dependencies = (
			);
			name = "m6-city-sights-app";
			productName = "m6-city-sights-app";
			productReference = 78FF9A592763331B00916AEC /* m6-city-sights-app.app */;
			productType = "com.apple.product-type.application";
		};
/* End PBXNativeTarget section */

/* Begin PBXProject section */
		78FF9A512763331B00916AEC /* Project object */ = {
			isa = PBXProject;
			attributes = {
				BuildIndependentTargetsInParallel = 1;
				LastSwiftUpdateCheck = 1300;
				LastUpgradeCheck = 1300;
				TargetAttributes = {
					78FF9A582763331B00916AEC = {
						CreatedOnToolsVersion = 13.0;
					};
				};
			};
			buildConfigurationList = 78FF9A542763331B00916AEC /* Build configuration list for PBXProject "m6-city-sights-app" */;
			compatibilityVersion = "Xcode 13.0";
			developmentRegion = en;
			hasScannedForEncodings = 0;
			knownRegions = (
				en,
				Base,
			);
			mainGroup = 78FF9A502763331B00916AEC;
			productRefGroup = 78FF9A5A2763331B00916AEC /* Products */;
			projectDirPath = "";
			projectRoot = "";
			targets = (
				78FF9A582763331B00916AEC /* m6-city-sights-app */,
			);
		};
/* End PBXProject section */

/* Begin PBXResourcesBuildPhase section */
		78FF9A572763331B00916AEC /* Resources */ = {
			isa = PBXResourcesBuildPhase;
			buildActionMask = 2147483647;
			files = (
				78FF9A642763331D00916AEC /* Preview Assets.xcassets in Resources */,
				78FF9A612763331D00916AEC /* Assets.xcassets in Resources */,
			);
			runOnlyForDeploymentPostprocessing = 0;
		};
/* End PBXResourcesBuildPhase section */

/* Begin PBXSourcesBuildPhase section */
		78FF9A552763331B00916AEC /* Sources */ = {
			isa = PBXSourcesBuildPhase;
			buildActionMask = 2147483647;
			files = (
				781679DE277CE7DA00167B4B /* DIrectionsMap.swift in Sources */,
				78FF9A5F2763331B00916AEC /* LaunchView.swift in Sources */,
				781DCCE9276728B700779D42 /* BusinessRow.swift in Sources */,
				78C61B84277B7BA7004BBB1C /* DirectionsView.swift in Sources */,
				781DCCDD27670D0900779D42 /* HomeView.swift in Sources */,
				787EBAB52765E21700222144 /* Business.swift in Sources */,
				78E974CF278441C50022A0DC /* LocationDeniedView.swift in Sources */,
				781DCCE5276715E400779D42 /* BusinessSectionHeader.swift in Sources */,
				78FF9A5D2763331B00916AEC /* m6_city_sights_app.swift in Sources */,
				781DCCEC276739A600779D42 /* BusinessDetail.swift in Sources */,
				787EBAB72765E42200222144 /* BusinessSearch.swift in Sources */,
				781679DC277CE25A00167B4B /* BusinessTitle.swift in Sources */,
				781DCCE32767132100779D42 /* BusinessList.swift in Sources */,
				78F68B272768086100AD5AAD /* BusinessMap.swift in Sources */,
				781DCCE72767219600779D42 /* BusinessSection.swift in Sources */,
				78FF9A6E2763376800916AEC /* ContentModel.swift in Sources */,
				78E974CD27842F080022A0DC /* OnboardingView.swift in Sources */,
				787EBABB2765E7A900222144 /* Constants.swift in Sources */,
			);
			runOnlyForDeploymentPostprocessing = 0;
		};
/* End PBXSourcesBuildPhase section */

/* Begin XCBuildConfiguration section */
		78FF9A652763331D00916AEC /* Debug */ = {
			isa = XCBuildConfiguration;
			buildSettings = {
				ALWAYS_SEARCH_USER_PATHS = NO;
				CLANG_ANALYZER_NONNULL = YES;
				CLANG_ANALYZER_NUMBER_OBJECT_CONVERSION = YES_AGGRESSIVE;
				CLANG_CXX_LANGUAGE_STANDARD = "gnu++17";
				CLANG_CXX_LIBRARY = "libc++";
				CLANG_ENABLE_MODULES = YES;
				CLANG_ENABLE_OBJC_ARC = YES;
				CLANG_ENABLE_OBJC_WEAK = YES;
				CLANG_WARN_BLOCK_CAPTURE_AUTORELEASING = YES;
				CLANG_WARN_BOOL_CONVERSION = YES;
				CLANG_WARN_COMMA = YES;
				CLANG_WARN_CONSTANT_CONVERSION = YES;
				CLANG_WARN_DEPRECATED_OBJC_IMPLEMENTATIONS = YES;
				CLANG_WARN_DIRECT_OBJC_ISA_USAGE = YES_ERROR;
				CLANG_WARN_DOCUMENTATION_COMMENTS = YES;
				CLANG_WARN_EMPTY_BODY = YES;
				CLANG_WARN_ENUM_CONVERSION = YES;
				CLANG_WARN_INFINITE_RECURSION = YES;
				CLANG_WARN_INT_CONVERSION = YES;
				CLANG_WARN_NON_LITERAL_NULL_CONVERSION = YES;
				CLANG_WARN_OBJC_IMPLICIT_RETAIN_SELF = YES;
				CLANG_WARN_OBJC_LITERAL_CONVERSION = YES;
				CLANG_WARN_OBJC_ROOT_CLASS = YES_ERROR;
				CLANG_WARN_QUOTED_INCLUDE_IN_FRAMEWORK_HEADER = YES;
				CLANG_WARN_RANGE_LOOP_ANALYSIS = YES;
				CLANG_WARN_STRICT_PROTOTYPES = YES;
				CLANG_WARN_SUSPICIOUS_MOVE = YES;
				CLANG_WARN_UNGUARDED_AVAILABILITY = YES_AGGRESSIVE;
				CLANG_WARN_UNREACHABLE_CODE = YES;
				CLANG_WARN__DUPLICATE_METHOD_MATCH = YES;
				COPY_PHASE_STRIP = NO;
				DEBUG_INFORMATION_FORMAT = dwarf;
				ENABLE_STRICT_OBJC_MSGSEND = YES;
				ENABLE_TESTABILITY = YES;
				GCC_C_LANGUAGE_STANDARD = gnu11;
				GCC_DYNAMIC_NO_PIC = NO;
				GCC_NO_COMMON_BLOCKS = YES;
				GCC_OPTIMIZATION_LEVEL = 0;
				GCC_PREPROCESSOR_DEFINITIONS = (
					"DEBUG=1",
					"$(inherited)",
				);
				GCC_WARN_64_TO_32_BIT_CONVERSION = YES;
				GCC_WARN_ABOUT_RETURN_TYPE = YES_ERROR;
				GCC_WARN_UNDECLARED_SELECTOR = YES;
				GCC_WARN_UNINITIALIZED_AUTOS = YES_AGGRESSIVE;
				GCC_WARN_UNUSED_FUNCTION = YES;
				GCC_WARN_UNUSED_VARIABLE = YES;
				IPHONEOS_DEPLOYMENT_TARGET = 15.0;
				MTL_ENABLE_DEBUG_INFO = INCLUDE_SOURCE;
				MTL_FAST_MATH = YES;
				ONLY_ACTIVE_ARCH = YES;
				SDKROOT = iphoneos;
				SWIFT_ACTIVE_COMPILATION_CONDITIONS = DEBUG;
				SWIFT_OPTIMIZATION_LEVEL = "-Onone";
			};
			name = Debug;
		};
		78FF9A662763331D00916AEC /* Release */ = {
			isa = XCBuildConfiguration;
			buildSettings = {
				ALWAYS_SEARCH_USER_PATHS = NO;
				CLANG_ANALYZER_NONNULL = YES;
				CLANG_ANALYZER_NUMBER_OBJECT_CONVERSION = YES_AGGRESSIVE;
				CLANG_CXX_LANGUAGE_STANDARD = "gnu++17";
				CLANG_CXX_LIBRARY = "libc++";
				CLANG_ENABLE_MODULES = YES;
				CLANG_ENABLE_OBJC_ARC = YES;
				CLANG_ENABLE_OBJC_WEAK = YES;
				CLANG_WARN_BLOCK_CAPTURE_AUTORELEASING = YES;
				CLANG_WARN_BOOL_CONVERSION = YES;
				CLANG_WARN_COMMA = YES;
				CLANG_WARN_CONSTANT_CONVERSION = YES;
				CLANG_WARN_DEPRECATED_OBJC_IMPLEMENTATIONS = YES;
				CLANG_WARN_DIRECT_OBJC_ISA_USAGE = YES_ERROR;
				CLANG_WARN_DOCUMENTATION_COMMENTS = YES;
				CLANG_WARN_EMPTY_BODY = YES;
				CLANG_WARN_ENUM_CONVERSION = YES;
				CLANG_WARN_INFINITE_RECURSION = YES;
				CLANG_WARN_INT_CONVERSION = YES;
				CLANG_WARN_NON_LITERAL_NULL_CONVERSION = YES;
				CLANG_WARN_OBJC_IMPLICIT_RETAIN_SELF = YES;
				CLANG_WARN_OBJC_LITERAL_CONVERSION = YES;
				CLANG_WARN_OBJC_ROOT_CLASS = YES_ERROR;
				CLANG_WARN_QUOTED_INCLUDE_IN_FRAMEWORK_HEADER = YES;
				CLANG_WARN_RANGE_LOOP_ANALYSIS = YES;
				CLANG_WARN_STRICT_PROTOTYPES = YES;
				CLANG_WARN_SUSPICIOUS_MOVE = YES;
				CLANG_WARN_UNGUARDED_AVAILABILITY = YES_AGGRESSIVE;
				CLANG_WARN_UNREACHABLE_CODE = YES;
				CLANG_WARN__DUPLICATE_METHOD_MATCH = YES;
				COPY_PHASE_STRIP = NO;
				DEBUG_INFORMATION_FORMAT = "dwarf-with-dsym";
				ENABLE_NS_ASSERTIONS = NO;
				ENABLE_STRICT_OBJC_MSGSEND = YES;
				GCC_C_LANGUAGE_STANDARD = gnu11;
				GCC_NO_COMMON_BLOCKS = YES;
				GCC_WARN_64_TO_32_BIT_CONVERSION = YES;
				GCC_WARN_ABOUT_RETURN_TYPE = YES_ERROR;
				GCC_WARN_UNDECLARED_SELECTOR = YES;
				GCC_WARN_UNINITIALIZED_AUTOS = YES_AGGRESSIVE;
				GCC_WARN_UNUSED_FUNCTION = YES;
				GCC_WARN_UNUSED_VARIABLE = YES;
				IPHONEOS_DEPLOYMENT_TARGET = 15.0;
				MTL_ENABLE_DEBUG_INFO = NO;
				MTL_FAST_MATH = YES;
				SDKROOT = iphoneos;
				SWIFT_COMPILATION_MODE = wholemodule;
				SWIFT_OPTIMIZATION_LEVEL = "-O";
				VALIDATE_PRODUCT = YES;
			};
			name = Release;
		};
		78FF9A682763331D00916AEC /* Debug */ = {
			isa = XCBuildConfiguration;
			buildSettings = {
				ASSETCATALOG_COMPILER_APPICON_NAME = AppIcon;
				ASSETCATALOG_COMPILER_GLOBAL_ACCENT_COLOR_NAME = AccentColor;
				CODE_SIGN_STYLE = Automatic;
				CURRENT_PROJECT_VERSION = 1;
				DEVELOPMENT_ASSET_PATHS = "\"m6-city-sights-app/Preview Content\"";
				DEVELOPMENT_TEAM = RS3K7XN6YX;
				ENABLE_PREVIEWS = YES;
				GENERATE_INFOPLIST_FILE = YES;
				INFOPLIST_FILE = "m6-city-sights-app/Info.plist";
				INFOPLIST_KEY_NSLocationWhenInUseUsageDescription = "Grant permission to find restaurants and sights near you.";
				INFOPLIST_KEY_UIApplicationSceneManifest_Generation = YES;
				INFOPLIST_KEY_UIApplicationSupportsIndirectInputEvents = YES;
				INFOPLIST_KEY_UILaunchScreen_Generation = YES;
				INFOPLIST_KEY_UISupportedInterfaceOrientations_iPad = "UIInterfaceOrientationPortrait UIInterfaceOrientationPortraitUpsideDown UIInterfaceOrientationLandscapeLeft UIInterfaceOrientationLandscapeRight";
				INFOPLIST_KEY_UISupportedInterfaceOrientations_iPhone = "UIInterfaceOrientationPortrait UIInterfaceOrientationLandscapeLeft UIInterfaceOrientationLandscapeRight";
				IPHONEOS_DEPLOYMENT_TARGET = 14.0;
				LD_RUNPATH_SEARCH_PATHS = (
					"$(inherited)",
					"@executable_path/Frameworks",
				);
				MARKETING_VERSION = 1.0;
				PRODUCT_BUNDLE_IDENTIFIER = "com.kk.m6-city-sights-app";
				PRODUCT_NAME = "$(TARGET_NAME)";
				SWIFT_EMIT_LOC_STRINGS = YES;
				SWIFT_VERSION = 5.0;
				TARGETED_DEVICE_FAMILY = "1,2";
			};
			name = Debug;
		};
		78FF9A692763331D00916AEC /* Release */ = {
			isa = XCBuildConfiguration;
			buildSettings = {
				ASSETCATALOG_COMPILER_APPICON_NAME = AppIcon;
				ASSETCATALOG_COMPILER_GLOBAL_ACCENT_COLOR_NAME = AccentColor;
				CODE_SIGN_STYLE = Automatic;
				CURRENT_PROJECT_VERSION = 1;
				DEVELOPMENT_ASSET_PATHS = "\"m6-city-sights-app/Preview Content\"";
				DEVELOPMENT_TEAM = RS3K7XN6YX;
				ENABLE_PREVIEWS = YES;
				GENERATE_INFOPLIST_FILE = YES;
				INFOPLIST_FILE = "m6-city-sights-app/Info.plist";
				INFOPLIST_KEY_NSLocationWhenInUseUsageDescription = "Grant permission to find restaurants and sights near you.";
				INFOPLIST_KEY_UIApplicationSceneManifest_Generation = YES;
				INFOPLIST_KEY_UIApplicationSupportsIndirectInputEvents = YES;
				INFOPLIST_KEY_UILaunchScreen_Generation = YES;
				INFOPLIST_KEY_UISupportedInterfaceOrientations_iPad = "UIInterfaceOrientationPortrait UIInterfaceOrientationPortraitUpsideDown UIInterfaceOrientationLandscapeLeft UIInterfaceOrientationLandscapeRight";
				INFOPLIST_KEY_UISupportedInterfaceOrientations_iPhone = "UIInterfaceOrientationPortrait UIInterfaceOrientationLandscapeLeft UIInterfaceOrientationLandscapeRight";
				IPHONEOS_DEPLOYMENT_TARGET = 14.0;
				LD_RUNPATH_SEARCH_PATHS = (
					"$(inherited)",
					"@executable_path/Frameworks",
				);
				MARKETING_VERSION = 1.0;
				PRODUCT_BUNDLE_IDENTIFIER = "com.kk.m6-city-sights-app";
				PRODUCT_NAME = "$(TARGET_NAME)";
				SWIFT_EMIT_LOC_STRINGS = YES;
				SWIFT_VERSION = 5.0;
				TARGETED_DEVICE_FAMILY = "1,2";
			};
			name = Release;
		};
/* End XCBuildConfiguration section */

/* Begin XCConfigurationList section */
		78FF9A542763331B00916AEC /* Build configuration list for PBXProject "m6-city-sights-app" */ = {
			isa = XCConfigurationList;
			buildConfigurations = (
				78FF9A652763331D00916AEC /* Debug */,
				78FF9A662763331D00916AEC /* Release */,
			);
			defaultConfigurationIsVisible = 0;
			defaultConfigurationName = Release;
		};
		78FF9A672763331D00916AEC /* Build configuration list for PBXNativeTarget "m6-city-sights-app" */ = {
			isa = XCConfigurationList;
			buildConfigurations = (
				78FF9A682763331D00916AEC /* Debug */,
				78FF9A692763331D00916AEC /* Release */,
			);
			defaultConfigurationIsVisible = 0;
			defaultConfigurationName = Release;
		};
/* End XCConfigurationList section */
	};
	rootObject = 78FF9A512763331B00916AEC /* Project object */;
}
