// !$*UTF8*$!
{
	archiveVersion = 1;
	classes = {
	};
	objectVersion = 55;
	objects = {

/* Begin PBXBuildFile section */
		7808C3E12746D4C8006016B9 /* style.html in Resources */ = {isa = PBXBuildFile; fileRef = 7808C3DF2746D4C8006016B9 /* style.html */; };
		7808C3E22746D4C8006016B9 /* data.json in Resources */ = {isa = PBXBuildFile; fileRef = 7808C3E02746D4C8006016B9 /* data.json */; };
		7808C3E42746D676006016B9 /* Models.swift in Sources */ = {isa = PBXBuildFile; fileRef = 7808C3E32746D676006016B9 /* Models.swift */; };
		784AD13F274963700016ECDF /* ContentView.swift in Sources */ = {isa = PBXBuildFile; fileRef = 784AD13E274963700016ECDF /* ContentView.swift */; };
		78592BF32749770A00F4A5F5 /* ContentViewRow.swift in Sources */ = {isa = PBXBuildFile; fileRef = 78592BF22749770A00F4A5F5 /* ContentViewRow.swift */; };
		786BE30A27464FF600DE6282 /* learningApp.swift in Sources */ = {isa = PBXBuildFile; fileRef = 786BE30927464FF600DE6282 /* learningApp.swift */; };
		786BE30C27464FF600DE6282 /* HomeView.swift in Sources */ = {isa = PBXBuildFile; fileRef = 786BE30B27464FF600DE6282 /* HomeView.swift */; };
		786BE30E27464FF800DE6282 /* Assets.xcassets in Resources */ = {isa = PBXBuildFile; fileRef = 786BE30D27464FF800DE6282 /* Assets.xcassets */; };
		786BE31127464FF800DE6282 /* Preview Assets.xcassets in Resources */ = {isa = PBXBuildFile; fileRef = 786BE31027464FF800DE6282 /* Preview Assets.xcassets */; };
		786BE31D274652F500DE6282 /* ContentModel.swift in Sources */ = {isa = PBXBuildFile; fileRef = 786BE31C274652F500DE6282 /* ContentModel.swift */; };
		78B944462748F8D500439685 /* HomeViewRow.swift in Sources */ = {isa = PBXBuildFile; fileRef = 78B944452748F8D500439685 /* HomeViewRow.swift */; };
/* End PBXBuildFile section */

/* Begin PBXFileReference section */
		7808C3DF2746D4C8006016B9 /* style.html */ = {isa = PBXFileReference; fileEncoding = 4; lastKnownFileType = text.html; path = style.html; sourceTree = "<group>"; };
		7808C3E02746D4C8006016B9 /* data.json */ = {isa = PBXFileReference; fileEncoding = 4; lastKnownFileType = text.json; path = data.json; sourceTree = "<group>"; };
		7808C3E32746D676006016B9 /* Models.swift */ = {isa = PBXFileReference; lastKnownFileType = sourcecode.swift; path = Models.swift; sourceTree = "<group>"; };
		784AD13E274963700016ECDF /* ContentView.swift */ = {isa = PBXFileReference; lastKnownFileType = sourcecode.swift; path = ContentView.swift; sourceTree = "<group>"; };
		78592BF22749770A00F4A5F5 /* ContentViewRow.swift */ = {isa = PBXFileReference; lastKnownFileType = sourcecode.swift; path = ContentViewRow.swift; sourceTree = "<group>"; };
		786BE30627464FF600DE6282 /* m5-learning-app.app */ = {isa = PBXFileReference; explicitFileType = wrapper.application; includeInIndex = 0; path = "m5-learning-app.app"; sourceTree = BUILT_PRODUCTS_DIR; };
		786BE30927464FF600DE6282 /* learningApp.swift */ = {isa = PBXFileReference; lastKnownFileType = sourcecode.swift; path = learningApp.swift; sourceTree = "<group>"; };
		786BE30B27464FF600DE6282 /* HomeView.swift */ = {isa = PBXFileReference; lastKnownFileType = sourcecode.swift; path = HomeView.swift; sourceTree = "<group>"; };
		786BE30D27464FF800DE6282 /* Assets.xcassets */ = {isa = PBXFileReference; lastKnownFileType = folder.assetcatalog; path = Assets.xcassets; sourceTree = "<group>"; };
		786BE31027464FF800DE6282 /* Preview Assets.xcassets */ = {isa = PBXFileReference; lastKnownFileType = folder.assetcatalog; path = "Preview Assets.xcassets"; sourceTree = "<group>"; };
		786BE31C274652F500DE6282 /* ContentModel.swift */ = {isa = PBXFileReference; lastKnownFileType = sourcecode.swift; path = ContentModel.swift; sourceTree = "<group>"; };
		78B944452748F8D500439685 /* HomeViewRow.swift */ = {isa = PBXFileReference; lastKnownFileType = sourcecode.swift; path = HomeViewRow.swift; sourceTree = "<group>"; };
/* End PBXFileReference section */

/* Begin PBXFrameworksBuildPhase section */
		786BE30327464FF600DE6282 /* Frameworks */ = {
			isa = PBXFrameworksBuildPhase;
			buildActionMask = 2147483647;
			files = (
			);
			runOnlyForDeploymentPostprocessing = 0;
		};
/* End PBXFrameworksBuildPhase section */

/* Begin PBXGroup section */
		786BE2FD27464FF600DE6282 = {
			isa = PBXGroup;
			children = (
				786BE30827464FF600DE6282 /* m5-learning-app */,
				786BE30727464FF600DE6282 /* Products */,
			);
			sourceTree = "<group>";
		};
		786BE30727464FF600DE6282 /* Products */ = {
			isa = PBXGroup;
			children = (
				786BE30627464FF600DE6282 /* m5-learning-app.app */,
			);
			name = Products;
			sourceTree = "<group>";
		};
		786BE30827464FF600DE6282 /* m5-learning-app */ = {
			isa = PBXGroup;
			children = (
				786BE30927464FF600DE6282 /* learningApp.swift */,
				786BE3172746520D00DE6282 /* Views */,
				786BE31A2746522600DE6282 /* Models */,
				786BE3182746521100DE6282 /* ViewModels */,
				786BE3192746521700DE6282 /* Resources */,
				786BE31B2746523700DE6282 /* Helpers */,
				786BE30D27464FF800DE6282 /* Assets.xcassets */,
				786BE30F27464FF800DE6282 /* Preview Content */,
			);
			path = "m5-learning-app";
			sourceTree = "<group>";
		};
		786BE30F27464FF800DE6282 /* Preview Content */ = {
			isa = PBXGroup;
			children = (
				786BE31027464FF800DE6282 /* Preview Assets.xcassets */,
			);
			path = "Preview Content";
			sourceTree = "<group>";
		};
		786BE3172746520D00DE6282 /* Views */ = {
			isa = PBXGroup;
			children = (
				786BE30B27464FF600DE6282 /* HomeView.swift */,
				78B944452748F8D500439685 /* HomeViewRow.swift */,
				784AD13E274963700016ECDF /* ContentView.swift */,
				78592BF22749770A00F4A5F5 /* ContentViewRow.swift */,
			);
			path = Views;
			sourceTree = "<group>";
		};
		786BE3182746521100DE6282 /* ViewModels */ = {
			isa = PBXGroup;
			children = (
				786BE31C274652F500DE6282 /* ContentModel.swift */,
			);
			path = ViewModels;
			sourceTree = "<group>";
		};
		786BE3192746521700DE6282 /* Resources */ = {
			isa = PBXGroup;
			children = (
				7808C3E02746D4C8006016B9 /* data.json */,
				7808C3DF2746D4C8006016B9 /* style.html */,
			);
			path = Resources;
			sourceTree = "<group>";
		};
		786BE31A2746522600DE6282 /* Models */ = {
			isa = PBXGroup;
			children = (
				7808C3E32746D676006016B9 /* Models.swift */,
			);
			path = Models;
			sourceTree = "<group>";
		};
		786BE31B2746523700DE6282 /* Helpers */ = {
			isa = PBXGroup;
			children = (
			);
			path = Helpers;
			sourceTree = "<group>";
		};
/* End PBXGroup section */

/* Begin PBXNativeTarget section */
		786BE30527464FF600DE6282 /* m5-learning-app */ = {
			isa = PBXNativeTarget;
			buildConfigurationList = 786BE31427464FF800DE6282 /* Build configuration list for PBXNativeTarget "m5-learning-app" */;
			buildPhases = (
				786BE30227464FF600DE6282 /* Sources */,
				786BE30327464FF600DE6282 /* Frameworks */,
				786BE30427464FF600DE6282 /* Resources */,
			);
			buildRules = (
			);
			dependencies = (
			);
			name = "m5-learning-app";
			productName = "m5-learning-app";
			productReference = 786BE30627464FF600DE6282 /* m5-learning-app.app */;
			productType = "com.apple.product-type.application";
		};
/* End PBXNativeTarget section */

/* Begin PBXProject section */
		786BE2FE27464FF600DE6282 /* Project object */ = {
			isa = PBXProject;
			attributes = {
				BuildIndependentTargetsInParallel = 1;
				LastSwiftUpdateCheck = 1300;
				LastUpgradeCheck = 1300;
				TargetAttributes = {
					786BE30527464FF600DE6282 = {
						CreatedOnToolsVersion = 13.0;
					};
				};
			};
			buildConfigurationList = 786BE30127464FF600DE6282 /* Build configuration list for PBXProject "m5-learning-app" */;
			compatibilityVersion = "Xcode 13.0";
			developmentRegion = en;
			hasScannedForEncodings = 0;
			knownRegions = (
				en,
				Base,
			);
			mainGroup = 786BE2FD27464FF600DE6282;
			productRefGroup = 786BE30727464FF600DE6282 /* Products */;
			projectDirPath = "";
			projectRoot = "";
			targets = (
				786BE30527464FF600DE6282 /* m5-learning-app */,
			);
		};
/* End PBXProject section */

/* Begin PBXResourcesBuildPhase section */
		786BE30427464FF600DE6282 /* Resources */ = {
			isa = PBXResourcesBuildPhase;
			buildActionMask = 2147483647;
			files = (
				7808C3E12746D4C8006016B9 /* style.html in Resources */,
				786BE31127464FF800DE6282 /* Preview Assets.xcassets in Resources */,
				786BE30E27464FF800DE6282 /* Assets.xcassets in Resources */,
				7808C3E22746D4C8006016B9 /* data.json in Resources */,
			);
			runOnlyForDeploymentPostprocessing = 0;
		};
/* End PBXResourcesBuildPhase section */

/* Begin PBXSourcesBuildPhase section */
		786BE30227464FF600DE6282 /* Sources */ = {
			isa = PBXSourcesBuildPhase;
			buildActionMask = 2147483647;
			files = (
				786BE30C27464FF600DE6282 /* HomeView.swift in Sources */,
				78B944462748F8D500439685 /* HomeViewRow.swift in Sources */,
				784AD13F274963700016ECDF /* ContentView.swift in Sources */,
				786BE30A27464FF600DE6282 /* learningApp.swift in Sources */,
				78592BF32749770A00F4A5F5 /* ContentViewRow.swift in Sources */,
				786BE31D274652F500DE6282 /* ContentModel.swift in Sources */,
				7808C3E42746D676006016B9 /* Models.swift in Sources */,
			);
			runOnlyForDeploymentPostprocessing = 0;
		};
/* End PBXSourcesBuildPhase section */

/* Begin XCBuildConfiguration section */
		786BE31227464FF800DE6282 /* Debug */ = {
			isa = XCBuildConfiguration;
			buildSettings = {
				ALWAYS_SEARCH_USER_PATHS = NO;
				CLANG_ANALYZER_NONNULL = YES;
				CLANG_ANALYZER_NUMBER_OBJECT_CONVERSION = YES_AGGRESSIVE;
				CLANG_CXX_LANGUAGE_STANDARD = "gnu++17";
				CLANG_CXX_LIBRARY = "libc++";
				CLANG_ENABLE_MODULES = YES;
				CLANG_ENABLE_OBJC_ARC = YES;
				CLANG_ENABLE_OBJC_WEAK = YES;
				CLANG_WARN_BLOCK_CAPTURE_AUTORELEASING = YES;
				CLANG_WARN_BOOL_CONVERSION = YES;
				CLANG_WARN_COMMA = YES;
				CLANG_WARN_CONSTANT_CONVERSION = YES;
				CLANG_WARN_DEPRECATED_OBJC_IMPLEMENTATIONS = YES;
				CLANG_WARN_DIRECT_OBJC_ISA_USAGE = YES_ERROR;
				CLANG_WARN_DOCUMENTATION_COMMENTS = YES;
				CLANG_WARN_EMPTY_BODY = YES;
				CLANG_WARN_ENUM_CONVERSION = YES;
				CLANG_WARN_INFINITE_RECURSION = YES;
				CLANG_WARN_INT_CONVERSION = YES;
				CLANG_WARN_NON_LITERAL_NULL_CONVERSION = YES;
				CLANG_WARN_OBJC_IMPLICIT_RETAIN_SELF = YES;
				CLANG_WARN_OBJC_LITERAL_CONVERSION = YES;
				CLANG_WARN_OBJC_ROOT_CLASS = YES_ERROR;
				CLANG_WARN_QUOTED_INCLUDE_IN_FRAMEWORK_HEADER = YES;
				CLANG_WARN_RANGE_LOOP_ANALYSIS = YES;
				CLANG_WARN_STRICT_PROTOTYPES = YES;
				CLANG_WARN_SUSPICIOUS_MOVE = YES;
				CLANG_WARN_UNGUARDED_AVAILABILITY = YES_AGGRESSIVE;
				CLANG_WARN_UNREACHABLE_CODE = YES;
				CLANG_WARN__DUPLICATE_METHOD_MATCH = YES;
				COPY_PHASE_STRIP = NO;
				DEBUG_INFORMATION_FORMAT = dwarf;
				ENABLE_STRICT_OBJC_MSGSEND = YES;
				ENABLE_TESTABILITY = YES;
				GCC_C_LANGUAGE_STANDARD = gnu11;
				GCC_DYNAMIC_NO_PIC = NO;
				GCC_NO_COMMON_BLOCKS = YES;
				GCC_OPTIMIZATION_LEVEL = 0;
				GCC_PREPROCESSOR_DEFINITIONS = (
					"DEBUG=1",
					"$(inherited)",
				);
				GCC_WARN_64_TO_32_BIT_CONVERSION = YES;
				GCC_WARN_ABOUT_RETURN_TYPE = YES_ERROR;
				GCC_WARN_UNDECLARED_SELECTOR = YES;
				GCC_WARN_UNINITIALIZED_AUTOS = YES_AGGRESSIVE;
				GCC_WARN_UNUSED_FUNCTION = YES;
				GCC_WARN_UNUSED_VARIABLE = YES;
				IPHONEOS_DEPLOYMENT_TARGET = 15.0;
				MTL_ENABLE_DEBUG_INFO = INCLUDE_SOURCE;
				MTL_FAST_MATH = YES;
				ONLY_ACTIVE_ARCH = YES;
				SDKROOT = iphoneos;
				SWIFT_ACTIVE_COMPILATION_CONDITIONS = DEBUG;
				SWIFT_OPTIMIZATION_LEVEL = "-Onone";
			};
			name = Debug;
		};
		786BE31327464FF800DE6282 /* Release */ = {
			isa = XCBuildConfiguration;
			buildSettings = {
				ALWAYS_SEARCH_USER_PATHS = NO;
				CLANG_ANALYZER_NONNULL = YES;
				CLANG_ANALYZER_NUMBER_OBJECT_CONVERSION = YES_AGGRESSIVE;
				CLANG_CXX_LANGUAGE_STANDARD = "gnu++17";
				CLANG_CXX_LIBRARY = "libc++";
				CLANG_ENABLE_MODULES = YES;
				CLANG_ENABLE_OBJC_ARC = YES;
				CLANG_ENABLE_OBJC_WEAK = YES;
				CLANG_WARN_BLOCK_CAPTURE_AUTORELEASING = YES;
				CLANG_WARN_BOOL_CONVERSION = YES;
				CLANG_WARN_COMMA = YES;
				CLANG_WARN_CONSTANT_CONVERSION = YES;
				CLANG_WARN_DEPRECATED_OBJC_IMPLEMENTATIONS = YES;
				CLANG_WARN_DIRECT_OBJC_ISA_USAGE = YES_ERROR;
				CLANG_WARN_DOCUMENTATION_COMMENTS = YES;
				CLANG_WARN_EMPTY_BODY = YES;
				CLANG_WARN_ENUM_CONVERSION = YES;
				CLANG_WARN_INFINITE_RECURSION = YES;
				CLANG_WARN_INT_CONVERSION = YES;
				CLANG_WARN_NON_LITERAL_NULL_CONVERSION = YES;
				CLANG_WARN_OBJC_IMPLICIT_RETAIN_SELF = YES;
				CLANG_WARN_OBJC_LITERAL_CONVERSION = YES;
				CLANG_WARN_OBJC_ROOT_CLASS = YES_ERROR;
				CLANG_WARN_QUOTED_INCLUDE_IN_FRAMEWORK_HEADER = YES;
				CLANG_WARN_RANGE_LOOP_ANALYSIS = YES;
				CLANG_WARN_STRICT_PROTOTYPES = YES;
				CLANG_WARN_SUSPICIOUS_MOVE = YES;
				CLANG_WARN_UNGUARDED_AVAILABILITY = YES_AGGRESSIVE;
				CLANG_WARN_UNREACHABLE_CODE = YES;
				CLANG_WARN__DUPLICATE_METHOD_MATCH = YES;
				COPY_PHASE_STRIP = NO;
				DEBUG_INFORMATION_FORMAT = "dwarf-with-dsym";
				ENABLE_NS_ASSERTIONS = NO;
				ENABLE_STRICT_OBJC_MSGSEND = YES;
				GCC_C_LANGUAGE_STANDARD = gnu11;
				GCC_NO_COMMON_BLOCKS = YES;
				GCC_WARN_64_TO_32_BIT_CONVERSION = YES;
				GCC_WARN_ABOUT_RETURN_TYPE = YES_ERROR;
				GCC_WARN_UNDECLARED_SELECTOR = YES;
				GCC_WARN_UNINITIALIZED_AUTOS = YES_AGGRESSIVE;
				GCC_WARN_UNUSED_FUNCTION = YES;
				GCC_WARN_UNUSED_VARIABLE = YES;
				IPHONEOS_DEPLOYMENT_TARGET = 15.0;
				MTL_ENABLE_DEBUG_INFO = NO;
				MTL_FAST_MATH = YES;
				SDKROOT = iphoneos;
				SWIFT_COMPILATION_MODE = wholemodule;
				SWIFT_OPTIMIZATION_LEVEL = "-O";
				VALIDATE_PRODUCT = YES;
			};
			name = Release;
		};
		786BE31527464FF800DE6282 /* Debug */ = {
			isa = XCBuildConfiguration;
			buildSettings = {
				ASSETCATALOG_COMPILER_APPICON_NAME = AppIcon;
				ASSETCATALOG_COMPILER_GLOBAL_ACCENT_COLOR_NAME = AccentColor;
				CODE_SIGN_STYLE = Automatic;
				CURRENT_PROJECT_VERSION = 1;
				DEVELOPMENT_ASSET_PATHS = "\"m5-learning-app/Preview Content\"";
				DEVELOPMENT_TEAM = RS3K7XN6YX;
				ENABLE_PREVIEWS = YES;
				GENERATE_INFOPLIST_FILE = YES;
				INFOPLIST_KEY_UIApplicationSceneManifest_Generation = YES;
				INFOPLIST_KEY_UIApplicationSupportsIndirectInputEvents = YES;
				INFOPLIST_KEY_UILaunchScreen_Generation = YES;
				INFOPLIST_KEY_UISupportedInterfaceOrientations_iPad = "UIInterfaceOrientationPortrait UIInterfaceOrientationPortraitUpsideDown UIInterfaceOrientationLandscapeLeft UIInterfaceOrientationLandscapeRight";
				INFOPLIST_KEY_UISupportedInterfaceOrientations_iPhone = "UIInterfaceOrientationPortrait UIInterfaceOrientationLandscapeLeft UIInterfaceOrientationLandscapeRight";
				IPHONEOS_DEPLOYMENT_TARGET = 14.0;
				LD_RUNPATH_SEARCH_PATHS = (
					"$(inherited)",
					"@executable_path/Frameworks",
				);
				MARKETING_VERSION = 1.0;
				PRODUCT_BUNDLE_IDENTIFIER = "com.kk.m5-learning-app";
				PRODUCT_NAME = "$(TARGET_NAME)";
				SWIFT_EMIT_LOC_STRINGS = YES;
				SWIFT_VERSION = 5.0;
				TARGETED_DEVICE_FAMILY = "1,2";
			};
			name = Debug;
		};
		786BE31627464FF800DE6282 /* Release */ = {
			isa = XCBuildConfiguration;
			buildSettings = {
				ASSETCATALOG_COMPILER_APPICON_NAME = AppIcon;
				ASSETCATALOG_COMPILER_GLOBAL_ACCENT_COLOR_NAME = AccentColor;
				CODE_SIGN_STYLE = Automatic;
				CURRENT_PROJECT_VERSION = 1;
				DEVELOPMENT_ASSET_PATHS = "\"m5-learning-app/Preview Content\"";
				DEVELOPMENT_TEAM = RS3K7XN6YX;
				ENABLE_PREVIEWS = YES;
				GENERATE_INFOPLIST_FILE = YES;
				INFOPLIST_KEY_UIApplicationSceneManifest_Generation = YES;
				INFOPLIST_KEY_UIApplicationSupportsIndirectInputEvents = YES;
				INFOPLIST_KEY_UILaunchScreen_Generation = YES;
				INFOPLIST_KEY_UISupportedInterfaceOrientations_iPad = "UIInterfaceOrientationPortrait UIInterfaceOrientationPortraitUpsideDown UIInterfaceOrientationLandscapeLeft UIInterfaceOrientationLandscapeRight";
				INFOPLIST_KEY_UISupportedInterfaceOrientations_iPhone = "UIInterfaceOrientationPortrait UIInterfaceOrientationLandscapeLeft UIInterfaceOrientationLandscapeRight";
				IPHONEOS_DEPLOYMENT_TARGET = 14.0;
				LD_RUNPATH_SEARCH_PATHS = (
					"$(inherited)",
					"@executable_path/Frameworks",
				);
				MARKETING_VERSION = 1.0;
				PRODUCT_BUNDLE_IDENTIFIER = "com.kk.m5-learning-app";
				PRODUCT_NAME = "$(TARGET_NAME)";
				SWIFT_EMIT_LOC_STRINGS = YES;
				SWIFT_VERSION = 5.0;
				TARGETED_DEVICE_FAMILY = "1,2";
			};
			name = Release;
		};
/* End XCBuildConfiguration section */

/* Begin XCConfigurationList section */
		786BE30127464FF600DE6282 /* Build configuration list for PBXProject "m5-learning-app" */ = {
			isa = XCConfigurationList;
			buildConfigurations = (
				786BE31227464FF800DE6282 /* Debug */,
				786BE31327464FF800DE6282 /* Release */,
			);
			defaultConfigurationIsVisible = 0;
			defaultConfigurationName = Release;
		};
		786BE31427464FF800DE6282 /* Build configuration list for PBXNativeTarget "m5-learning-app" */ = {
			isa = XCConfigurationList;
			buildConfigurations = (
				786BE31527464FF800DE6282 /* Debug */,
				786BE31627464FF800DE6282 /* Release */,
			);
			defaultConfigurationIsVisible = 0;
			defaultConfigurationName = Release;
		};
/* End XCConfigurationList section */
	};
	rootObject = 786BE2FE27464FF600DE6282 /* Project object */;
}
