// !$*UTF8*$!
{
	archiveVersion = 1;
	classes = {
	};
	objectVersion = 55;
	objects = {

/* Begin PBXBuildFile section */
		78202922273EE33D00654BDF /* m4_book_challengeApp.swift in Sources */ = {isa = PBXBuildFile; fileRef = 78202921273EE33D00654BDF /* m4_book_challengeApp.swift */; };
		78202924273EE33D00654BDF /* ContentView.swift in Sources */ = {isa = PBXBuildFile; fileRef = 78202923273EE33D00654BDF /* ContentView.swift */; };
		78202926273EE33F00654BDF /* Assets.xcassets in Resources */ = {isa = PBXBuildFile; fileRef = 78202925273EE33F00654BDF /* Assets.xcassets */; };
		78202929273EE33F00654BDF /* Preview Assets.xcassets in Resources */ = {isa = PBXBuildFile; fileRef = 78202928273EE33F00654BDF /* Preview Assets.xcassets */; };
		78202931273EE37100654BDF /* Data.json in Resources */ = {isa = PBXBuildFile; fileRef = 78202930273EE37100654BDF /* Data.json */; };
		78202935273EE44D00654BDF /* Book.swift in Sources */ = {isa = PBXBuildFile; fileRef = 78202934273EE44D00654BDF /* Book.swift */; };
		78202938273EE47000654BDF /* DataService.swift in Sources */ = {isa = PBXBuildFile; fileRef = 78202937273EE47000654BDF /* DataService.swift */; };
		7820293B273EE63800654BDF /* BookModel.swift in Sources */ = {isa = PBXBuildFile; fileRef = 7820293A273EE63800654BDF /* BookModel.swift */; };
		7820293D273EE87900654BDF /* HomePage.swift in Sources */ = {isa = PBXBuildFile; fileRef = 7820293C273EE87900654BDF /* HomePage.swift */; };
		7820293F273F079D00654BDF /* BookDetailView.swift in Sources */ = {isa = PBXBuildFile; fileRef = 7820293E273F079D00654BDF /* BookDetailView.swift */; };
		78202943273F108900654BDF /* PageView.swift in Sources */ = {isa = PBXBuildFile; fileRef = 78202942273F108900654BDF /* PageView.swift */; };
/* End PBXBuildFile section */

/* Begin PBXFileReference section */
		7820291E273EE33D00654BDF /* m4-book-challenge.app */ = {isa = PBXFileReference; explicitFileType = wrapper.application; includeInIndex = 0; path = "m4-book-challenge.app"; sourceTree = BUILT_PRODUCTS_DIR; };
		78202921273EE33D00654BDF /* m4_book_challengeApp.swift */ = {isa = PBXFileReference; lastKnownFileType = sourcecode.swift; path = m4_book_challengeApp.swift; sourceTree = "<group>"; };
		78202923273EE33D00654BDF /* ContentView.swift */ = {isa = PBXFileReference; lastKnownFileType = sourcecode.swift; path = ContentView.swift; sourceTree = "<group>"; };
		78202925273EE33F00654BDF /* Assets.xcassets */ = {isa = PBXFileReference; lastKnownFileType = folder.assetcatalog; path = Assets.xcassets; sourceTree = "<group>"; };
		78202928273EE33F00654BDF /* Preview Assets.xcassets */ = {isa = PBXFileReference; lastKnownFileType = folder.assetcatalog; path = "Preview Assets.xcassets"; sourceTree = "<group>"; };
		78202930273EE37100654BDF /* Data.json */ = {isa = PBXFileReference; fileEncoding = 4; lastKnownFileType = text.json; name = Data.json; path = "../../../Data and Assets/Data.json"; sourceTree = "<group>"; };
		78202934273EE44D00654BDF /* Book.swift */ = {isa = PBXFileReference; lastKnownFileType = sourcecode.swift; path = Book.swift; sourceTree = "<group>"; };
		78202937273EE47000654BDF /* DataService.swift */ = {isa = PBXFileReference; lastKnownFileType = sourcecode.swift; path = DataService.swift; sourceTree = "<group>"; };
		7820293A273EE63800654BDF /* BookModel.swift */ = {isa = PBXFileReference; lastKnownFileType = sourcecode.swift; path = BookModel.swift; sourceTree = "<group>"; };
		7820293C273EE87900654BDF /* HomePage.swift */ = {isa = PBXFileReference; lastKnownFileType = sourcecode.swift; path = HomePage.swift; sourceTree = "<group>"; };
		7820293E273F079D00654BDF /* BookDetailView.swift */ = {isa = PBXFileReference; lastKnownFileType = sourcecode.swift; path = BookDetailView.swift; sourceTree = "<group>"; };
		78202942273F108900654BDF /* PageView.swift */ = {isa = PBXFileReference; lastKnownFileType = sourcecode.swift; path = PageView.swift; sourceTree = "<group>"; };
/* End PBXFileReference section */

/* Begin PBXFrameworksBuildPhase section */
		7820291B273EE33D00654BDF /* Frameworks */ = {
			isa = PBXFrameworksBuildPhase;
			buildActionMask = 2147483647;
			files = (
			);
			runOnlyForDeploymentPostprocessing = 0;
		};
/* End PBXFrameworksBuildPhase section */

/* Begin PBXGroup section */
		78202915273EE33D00654BDF = {
			isa = PBXGroup;
			children = (
				78202920273EE33D00654BDF /* m4-book-challenge */,
				7820291F273EE33D00654BDF /* Products */,
			);
			sourceTree = "<group>";
		};
		7820291F273EE33D00654BDF /* Products */ = {
			isa = PBXGroup;
			children = (
				7820291E273EE33D00654BDF /* m4-book-challenge.app */,
			);
			name = Products;
			sourceTree = "<group>";
		};
		78202920273EE33D00654BDF /* m4-book-challenge */ = {
			isa = PBXGroup;
			children = (
				78202921273EE33D00654BDF /* m4_book_challengeApp.swift */,
				78202932273EE3C200654BDF /* Views */,
				78202939273EE62800654BDF /* ViewModel */,
				7820292F273EE36300654BDF /* Data */,
				78202933273EE43C00654BDF /* Models */,
				78202936273EE45600654BDF /* Services */,
				78202925273EE33F00654BDF /* Assets.xcassets */,
				78202927273EE33F00654BDF /* Preview Content */,
			);
			path = "m4-book-challenge";
			sourceTree = "<group>";
		};
		78202927273EE33F00654BDF /* Preview Content */ = {
			isa = PBXGroup;
			children = (
				78202928273EE33F00654BDF /* Preview Assets.xcassets */,
			);
			path = "Preview Content";
			sourceTree = "<group>";
		};
		7820292F273EE36300654BDF /* Data */ = {
			isa = PBXGroup;
			children = (
				78202930273EE37100654BDF /* Data.json */,
			);
			path = Data;
			sourceTree = "<group>";
		};
		78202932273EE3C200654BDF /* Views */ = {
			isa = PBXGroup;
			children = (
				78202923273EE33D00654BDF /* ContentView.swift */,
				7820293C273EE87900654BDF /* HomePage.swift */,
				7820293E273F079D00654BDF /* BookDetailView.swift */,
				78202942273F108900654BDF /* PageView.swift */,
			);
			path = Views;
			sourceTree = "<group>";
		};
		78202933273EE43C00654BDF /* Models */ = {
			isa = PBXGroup;
			children = (
				78202934273EE44D00654BDF /* Book.swift */,
			);
			path = Models;
			sourceTree = "<group>";
		};
		78202936273EE45600654BDF /* Services */ = {
			isa = PBXGroup;
			children = (
				78202937273EE47000654BDF /* DataService.swift */,
			);
			path = Services;
			sourceTree = "<group>";
		};
		78202939273EE62800654BDF /* ViewModel */ = {
			isa = PBXGroup;
			children = (
				7820293A273EE63800654BDF /* BookModel.swift */,
			);
			path = ViewModel;
			sourceTree = "<group>";
		};
/* End PBXGroup section */

/* Begin PBXNativeTarget section */
		7820291D273EE33D00654BDF /* m4-book-challenge */ = {
			isa = PBXNativeTarget;
			buildConfigurationList = 7820292C273EE33F00654BDF /* Build configuration list for PBXNativeTarget "m4-book-challenge" */;
			buildPhases = (
				7820291A273EE33D00654BDF /* Sources */,
				7820291B273EE33D00654BDF /* Frameworks */,
				7820291C273EE33D00654BDF /* Resources */,
			);
			buildRules = (
			);
			dependencies = (
			);
			name = "m4-book-challenge";
			productName = "m4-book-challenge";
			productReference = 7820291E273EE33D00654BDF /* m4-book-challenge.app */;
			productType = "com.apple.product-type.application";
		};
/* End PBXNativeTarget section */

/* Begin PBXProject section */
		78202916273EE33D00654BDF /* Project object */ = {
			isa = PBXProject;
			attributes = {
				BuildIndependentTargetsInParallel = 1;
				LastSwiftUpdateCheck = 1300;
				LastUpgradeCheck = 1300;
				TargetAttributes = {
					7820291D273EE33D00654BDF = {
						CreatedOnToolsVersion = 13.0;
					};
				};
			};
			buildConfigurationList = 78202919273EE33D00654BDF /* Build configuration list for PBXProject "m4-book-challenge" */;
			compatibilityVersion = "Xcode 13.0";
			developmentRegion = en;
			hasScannedForEncodings = 0;
			knownRegions = (
				en,
				Base,
			);
			mainGroup = 78202915273EE33D00654BDF;
			productRefGroup = 7820291F273EE33D00654BDF /* Products */;
			projectDirPath = "";
			projectRoot = "";
			targets = (
				7820291D273EE33D00654BDF /* m4-book-challenge */,
			);
		};
/* End PBXProject section */

/* Begin PBXResourcesBuildPhase section */
		7820291C273EE33D00654BDF /* Resources */ = {
			isa = PBXResourcesBuildPhase;
			buildActionMask = 2147483647;
			files = (
				78202929273EE33F00654BDF /* Preview Assets.xcassets in Resources */,
				78202926273EE33F00654BDF /* Assets.xcassets in Resources */,
				78202931273EE37100654BDF /* Data.json in Resources */,
			);
			runOnlyForDeploymentPostprocessing = 0;
		};
/* End PBXResourcesBuildPhase section */

/* Begin PBXSourcesBuildPhase section */
		7820291A273EE33D00654BDF /* Sources */ = {
			isa = PBXSourcesBuildPhase;
			buildActionMask = 2147483647;
			files = (
				7820293B273EE63800654BDF /* BookModel.swift in Sources */,
				78202943273F108900654BDF /* PageView.swift in Sources */,
				7820293D273EE87900654BDF /* HomePage.swift in Sources */,
				78202924273EE33D00654BDF /* ContentView.swift in Sources */,
				78202922273EE33D00654BDF /* m4_book_challengeApp.swift in Sources */,
				78202935273EE44D00654BDF /* Book.swift in Sources */,
				78202938273EE47000654BDF /* DataService.swift in Sources */,
				7820293F273F079D00654BDF /* BookDetailView.swift in Sources */,
			);
			runOnlyForDeploymentPostprocessing = 0;
		};
/* End PBXSourcesBuildPhase section */

/* Begin XCBuildConfiguration section */
		7820292A273EE33F00654BDF /* Debug */ = {
			isa = XCBuildConfiguration;
			buildSettings = {
				ALWAYS_SEARCH_USER_PATHS = NO;
				CLANG_ANALYZER_NONNULL = YES;
				CLANG_ANALYZER_NUMBER_OBJECT_CONVERSION = YES_AGGRESSIVE;
				CLANG_CXX_LANGUAGE_STANDARD = "gnu++17";
				CLANG_CXX_LIBRARY = "libc++";
				CLANG_ENABLE_MODULES = YES;
				CLANG_ENABLE_OBJC_ARC = YES;
				CLANG_ENABLE_OBJC_WEAK = YES;
				CLANG_WARN_BLOCK_CAPTURE_AUTORELEASING = YES;
				CLANG_WARN_BOOL_CONVERSION = YES;
				CLANG_WARN_COMMA = YES;
				CLANG_WARN_CONSTANT_CONVERSION = YES;
				CLANG_WARN_DEPRECATED_OBJC_IMPLEMENTATIONS = YES;
				CLANG_WARN_DIRECT_OBJC_ISA_USAGE = YES_ERROR;
				CLANG_WARN_DOCUMENTATION_COMMENTS = YES;
				CLANG_WARN_EMPTY_BODY = YES;
				CLANG_WARN_ENUM_CONVERSION = YES;
				CLANG_WARN_INFINITE_RECURSION = YES;
				CLANG_WARN_INT_CONVERSION = YES;
				CLANG_WARN_NON_LITERAL_NULL_CONVERSION = YES;
				CLANG_WARN_OBJC_IMPLICIT_RETAIN_SELF = YES;
				CLANG_WARN_OBJC_LITERAL_CONVERSION = YES;
				CLANG_WARN_OBJC_ROOT_CLASS = YES_ERROR;
				CLANG_WARN_QUOTED_INCLUDE_IN_FRAMEWORK_HEADER = YES;
				CLANG_WARN_RANGE_LOOP_ANALYSIS = YES;
				CLANG_WARN_STRICT_PROTOTYPES = YES;
				CLANG_WARN_SUSPICIOUS_MOVE = YES;
				CLANG_WARN_UNGUARDED_AVAILABILITY = YES_AGGRESSIVE;
				CLANG_WARN_UNREACHABLE_CODE = YES;
				CLANG_WARN__DUPLICATE_METHOD_MATCH = YES;
				COPY_PHASE_STRIP = NO;
				DEBUG_INFORMATION_FORMAT = dwarf;
				ENABLE_STRICT_OBJC_MSGSEND = YES;
				ENABLE_TESTABILITY = YES;
				GCC_C_LANGUAGE_STANDARD = gnu11;
				GCC_DYNAMIC_NO_PIC = NO;
				GCC_NO_COMMON_BLOCKS = YES;
				GCC_OPTIMIZATION_LEVEL = 0;
				GCC_PREPROCESSOR_DEFINITIONS = (
					"DEBUG=1",
					"$(inherited)",
				);
				GCC_WARN_64_TO_32_BIT_CONVERSION = YES;
				GCC_WARN_ABOUT_RETURN_TYPE = YES_ERROR;
				GCC_WARN_UNDECLARED_SELECTOR = YES;
				GCC_WARN_UNINITIALIZED_AUTOS = YES_AGGRESSIVE;
				GCC_WARN_UNUSED_FUNCTION = YES;
				GCC_WARN_UNUSED_VARIABLE = YES;
				IPHONEOS_DEPLOYMENT_TARGET = 15.0;
				MTL_ENABLE_DEBUG_INFO = INCLUDE_SOURCE;
				MTL_FAST_MATH = YES;
				ONLY_ACTIVE_ARCH = YES;
				SDKROOT = iphoneos;
				SWIFT_ACTIVE_COMPILATION_CONDITIONS = DEBUG;
				SWIFT_OPTIMIZATION_LEVEL = "-Onone";
			};
			name = Debug;
		};
		7820292B273EE33F00654BDF /* Release */ = {
			isa = XCBuildConfiguration;
			buildSettings = {
				ALWAYS_SEARCH_USER_PATHS = NO;
				CLANG_ANALYZER_NONNULL = YES;
				CLANG_ANALYZER_NUMBER_OBJECT_CONVERSION = YES_AGGRESSIVE;
				CLANG_CXX_LANGUAGE_STANDARD = "gnu++17";
				CLANG_CXX_LIBRARY = "libc++";
				CLANG_ENABLE_MODULES = YES;
				CLANG_ENABLE_OBJC_ARC = YES;
				CLANG_ENABLE_OBJC_WEAK = YES;
				CLANG_WARN_BLOCK_CAPTURE_AUTORELEASING = YES;
				CLANG_WARN_BOOL_CONVERSION = YES;
				CLANG_WARN_COMMA = YES;
				CLANG_WARN_CONSTANT_CONVERSION = YES;
				CLANG_WARN_DEPRECATED_OBJC_IMPLEMENTATIONS = YES;
				CLANG_WARN_DIRECT_OBJC_ISA_USAGE = YES_ERROR;
				CLANG_WARN_DOCUMENTATION_COMMENTS = YES;
				CLANG_WARN_EMPTY_BODY = YES;
				CLANG_WARN_ENUM_CONVERSION = YES;
				CLANG_WARN_INFINITE_RECURSION = YES;
				CLANG_WARN_INT_CONVERSION = YES;
				CLANG_WARN_NON_LITERAL_NULL_CONVERSION = YES;
				CLANG_WARN_OBJC_IMPLICIT_RETAIN_SELF = YES;
				CLANG_WARN_OBJC_LITERAL_CONVERSION = YES;
				CLANG_WARN_OBJC_ROOT_CLASS = YES_ERROR;
				CLANG_WARN_QUOTED_INCLUDE_IN_FRAMEWORK_HEADER = YES;
				CLANG_WARN_RANGE_LOOP_ANALYSIS = YES;
				CLANG_WARN_STRICT_PROTOTYPES = YES;
				CLANG_WARN_SUSPICIOUS_MOVE = YES;
				CLANG_WARN_UNGUARDED_AVAILABILITY = YES_AGGRESSIVE;
				CLANG_WARN_UNREACHABLE_CODE = YES;
				CLANG_WARN__DUPLICATE_METHOD_MATCH = YES;
				COPY_PHASE_STRIP = NO;
				DEBUG_INFORMATION_FORMAT = "dwarf-with-dsym";
				ENABLE_NS_ASSERTIONS = NO;
				ENABLE_STRICT_OBJC_MSGSEND = YES;
				GCC_C_LANGUAGE_STANDARD = gnu11;
				GCC_NO_COMMON_BLOCKS = YES;
				GCC_WARN_64_TO_32_BIT_CONVERSION = YES;
				GCC_WARN_ABOUT_RETURN_TYPE = YES_ERROR;
				GCC_WARN_UNDECLARED_SELECTOR = YES;
				GCC_WARN_UNINITIALIZED_AUTOS = YES_AGGRESSIVE;
				GCC_WARN_UNUSED_FUNCTION = YES;
				GCC_WARN_UNUSED_VARIABLE = YES;
				IPHONEOS_DEPLOYMENT_TARGET = 15.0;
				MTL_ENABLE_DEBUG_INFO = NO;
				MTL_FAST_MATH = YES;
				SDKROOT = iphoneos;
				SWIFT_COMPILATION_MODE = wholemodule;
				SWIFT_OPTIMIZATION_LEVEL = "-O";
				VALIDATE_PRODUCT = YES;
			};
			name = Release;
		};
		7820292D273EE33F00654BDF /* Debug */ = {
			isa = XCBuildConfiguration;
			buildSettings = {
				ASSETCATALOG_COMPILER_APPICON_NAME = AppIcon;
				ASSETCATALOG_COMPILER_GLOBAL_ACCENT_COLOR_NAME = AccentColor;
				CODE_SIGN_STYLE = Automatic;
				CURRENT_PROJECT_VERSION = 1;
				DEVELOPMENT_ASSET_PATHS = "\"m4-book-challenge/Preview Content\"";
				DEVELOPMENT_TEAM = RS3K7XN6YX;
				ENABLE_PREVIEWS = YES;
				GENERATE_INFOPLIST_FILE = YES;
				INFOPLIST_KEY_UIApplicationSceneManifest_Generation = YES;
				INFOPLIST_KEY_UIApplicationSupportsIndirectInputEvents = YES;
				INFOPLIST_KEY_UILaunchScreen_Generation = YES;
				INFOPLIST_KEY_UISupportedInterfaceOrientations_iPad = "UIInterfaceOrientationPortrait UIInterfaceOrientationPortraitUpsideDown UIInterfaceOrientationLandscapeLeft UIInterfaceOrientationLandscapeRight";
				INFOPLIST_KEY_UISupportedInterfaceOrientations_iPhone = "UIInterfaceOrientationPortrait UIInterfaceOrientationLandscapeLeft UIInterfaceOrientationLandscapeRight";
				IPHONEOS_DEPLOYMENT_TARGET = 14.0;
				LD_RUNPATH_SEARCH_PATHS = (
					"$(inherited)",
					"@executable_path/Frameworks",
				);
				MARKETING_VERSION = 1.0;
				PRODUCT_BUNDLE_IDENTIFIER = "com.kk.m4-book-challenge";
				PRODUCT_NAME = "$(TARGET_NAME)";
				SWIFT_EMIT_LOC_STRINGS = YES;
				SWIFT_VERSION = 5.0;
				TARGETED_DEVICE_FAMILY = "1,2";
			};
			name = Debug;
		};
		7820292E273EE33F00654BDF /* Release */ = {
			isa = XCBuildConfiguration;
			buildSettings = {
				ASSETCATALOG_COMPILER_APPICON_NAME = AppIcon;
				ASSETCATALOG_COMPILER_GLOBAL_ACCENT_COLOR_NAME = AccentColor;
				CODE_SIGN_STYLE = Automatic;
				CURRENT_PROJECT_VERSION = 1;
				DEVELOPMENT_ASSET_PATHS = "\"m4-book-challenge/Preview Content\"";
				DEVELOPMENT_TEAM = RS3K7XN6YX;
				ENABLE_PREVIEWS = YES;
				GENERATE_INFOPLIST_FILE = YES;
				INFOPLIST_KEY_UIApplicationSceneManifest_Generation = YES;
				INFOPLIST_KEY_UIApplicationSupportsIndirectInputEvents = YES;
				INFOPLIST_KEY_UILaunchScreen_Generation = YES;
				INFOPLIST_KEY_UISupportedInterfaceOrientations_iPad = "UIInterfaceOrientationPortrait UIInterfaceOrientationPortraitUpsideDown UIInterfaceOrientationLandscapeLeft UIInterfaceOrientationLandscapeRight";
				INFOPLIST_KEY_UISupportedInterfaceOrientations_iPhone = "UIInterfaceOrientationPortrait UIInterfaceOrientationLandscapeLeft UIInterfaceOrientationLandscapeRight";
				IPHONEOS_DEPLOYMENT_TARGET = 14.0;
				LD_RUNPATH_SEARCH_PATHS = (
					"$(inherited)",
					"@executable_path/Frameworks",
				);
				MARKETING_VERSION = 1.0;
				PRODUCT_BUNDLE_IDENTIFIER = "com.kk.m4-book-challenge";
				PRODUCT_NAME = "$(TARGET_NAME)";
				SWIFT_EMIT_LOC_STRINGS = YES;
				SWIFT_VERSION = 5.0;
				TARGETED_DEVICE_FAMILY = "1,2";
			};
			name = Release;
		};
/* End XCBuildConfiguration section */

/* Begin XCConfigurationList section */
		78202919273EE33D00654BDF /* Build configuration list for PBXProject "m4-book-challenge" */ = {
			isa = XCConfigurationList;
			buildConfigurations = (
				7820292A273EE33F00654BDF /* Debug */,
				7820292B273EE33F00654BDF /* Release */,
			);
			defaultConfigurationIsVisible = 0;
			defaultConfigurationName = Release;
		};
		7820292C273EE33F00654BDF /* Build configuration list for PBXNativeTarget "m4-book-challenge" */ = {
			isa = XCConfigurationList;
			buildConfigurations = (
				7820292D273EE33F00654BDF /* Debug */,
				7820292E273EE33F00654BDF /* Release */,
			);
			defaultConfigurationIsVisible = 0;
			defaultConfigurationName = Release;
		};
/* End XCConfigurationList section */
	};
	rootObject = 78202916273EE33D00654BDF /* Project object */;
}
